
Microsoft Visual Studio Solution File, Format Version 12.00
# Visual Studio Version 16
VisualStudioVersion = 16.0.31515.178
MinimumVisualStudioVersion = 10.0.40219.1
Project("{9A19103F-16F7-4668-BE54-9A1E7A4F7556}") = "Keyhanatr", "Keyhanatr\Keyhanatr.csproj", "{F98C5219-60CF-4BD4-845A-B50E4C258CF1}"
EndProject
Project("{9A19103F-16F7-4668-BE54-9A1E7A4F7556}") = "Keyhanatr.Core", "Keyhanatr.Core\Keyhanatr.Core.csproj", "{0B4A60C3-88E6-4B9B-BC98-40A3145077D7}"
EndProject
Project("{9A19103F-16F7-4668-BE54-9A1E7A4F7556}") = "Keyhanatr.Data", "Keyhanatr.Data\Keyhanatr.Data.csproj", "{33FBBE8C-029F-4FA5-8791-40F0EF97693D}"
EndProject
Project("{2150E333-8FDC-42A3-9474-1A3956D46DE8}") = "Solution Items", "Solution Items", "{8A5FA2C2-15F8-47D1-8D55-9AB8881F87E2}"
	ProjectSection(SolutionItems) = preProject
		.editorconfig = .editorconfig
	EndProjectSection
EndProject
Global
	GlobalSection(SolutionConfigurationPlatforms) = preSolution
		Debug|Any CPU = Debug|Any CPU
		Release|Any CPU = Release|Any CPU
	EndGlobalSection
	GlobalSection(ProjectConfigurationPlatforms) = postSolution
		{F98C5219-60CF-4BD4-845A-B50E4C258CF1}.Debug|Any CPU.ActiveCfg = Debug|Any CPU
		{F98C5219-60CF-4BD4-845A-B50E4C258CF1}.Debug|Any CPU.Build.0 = Debug|Any CPU
		{F98C5219-60CF-4BD4-845A-B50E4C258CF1}.Release|Any CPU.ActiveCfg = Release|Any CPU
		{F98C5219-60CF-4BD4-845A-B50E4C258CF1}.Release|Any CPU.Build.0 = Release|Any CPU
		{0B4A60C3-88E6-4B9B-BC98-40A3145077D7}.Debug|Any CPU.ActiveCfg = Debug|Any CPU
		{0B4A60C3-88E6-4B9B-BC98-40A3145077D7}.Debug|Any CPU.Build.0 = Debug|Any CPU
		{0B4A60C3-88E6-4B9B-BC98-40A3145077D7}.Release|Any CPU.ActiveCfg = Release|Any CPU
		{0B4A60C3-88E6-4B9B-BC98-40A3145077D7}.Release|Any CPU.Build.0 = Release|Any CPU
		{33FBBE8C-029F-4FA5-8791-40F0EF97693D}.Debug|Any CPU.ActiveCfg = Debug|Any CPU
		{33FBBE8C-029F-4FA5-8791-40F0EF97693D}.Debug|Any CPU.Build.0 = Debug|Any CPU
		{33FBBE8C-029F-4FA5-8791-40F0EF97693D}.Release|Any CPU.ActiveCfg = Release|Any CPU
		{33FBBE8C-029F-4FA5-8791-40F0EF97693D}.Release|Any CPU.Build.0 = Release|Any CPU
	EndGlobalSection
	GlobalSection(SolutionProperties) = preSolution
		HideSolutionNode = FALSE
	EndGlobalSection
	GlobalSection(ExtensibilityGlobals) = postSolution
		SolutionGuid = {64134312-5395-42B1-AD7A-0162AE7C904D}
	EndGlobalSection
EndGlobal
